
Microsoft Visual Studio Solution File, Format Version 12.00
# Visual Studio Version 17
VisualStudioVersion = 17.5.002.0
MinimumVisualStudioVersion = 10.0.40219.1
Project("{9A19103F-16F7-4668-BE54-9A1E7A4F7556}") = "CougarConnect", "CougarConnect.csproj", "{789C38CE-9272-40BA-87B7-EA15BFC050BE}"
EndProject
Global
	GlobalSection(SolutionConfigurationPlatforms) = preSolution
		Debug|Any CPU = Debug|Any CPU
		Release|Any CPU = Release|Any CPU
	EndGlobalSection
	GlobalSection(ProjectConfigurationPlatforms) = postSolution
		{789C38CE-9272-40BA-87B7-EA15BFC050BE}.Debug|Any CPU.ActiveCfg = Debug|Any CPU
		{789C38CE-9272-40BA-87B7-EA15BFC050BE}.Debug|Any CPU.Build.0 = Debug|Any CPU
		{789C38CE-9272-40BA-87B7-EA15BFC050BE}.Release|Any CPU.ActiveCfg = Release|Any CPU
		{789C38CE-9272-40BA-87B7-EA15BFC050BE}.Release|Any CPU.Build.0 = Release|Any CPU
	EndGlobalSection
	GlobalSection(SolutionProperties) = preSolution
		HideSolutionNode = FALSE
	EndGlobalSection
	GlobalSection(ExtensibilityGlobals) = postSolution
		SolutionGuid = {08E31FCE-2D23-467C-B139-D8B9F3E2B312}
	EndGlobalSection
EndGlobal
